
Microsoft Visual Studio Solution File, Format Version 12.00
Project("{FAE04EC0-301F-11D3-BF4B-00C04F79EFBC}") = "CoyoteRepro", "CoyoteRepro\CoyoteRepro.csproj", "{42790F39-C646-49F9-AD67-5EA26227DFAE}"
EndProject
Project("{FAE04EC0-301F-11D3-BF4B-00C04F79EFBC}") = "CoyoteRepro.Tests", "CoyoteRepro.Tests\CoyoteRepro.Tests.csproj", "{32EFB1C1-776C-440D-B811-02EF54E2A22D}"
EndProject
Global
	GlobalSection(SolutionConfigurationPlatforms) = preSolution
		Debug|Any CPU = Debug|Any CPU
		Release|Any CPU = Release|Any CPU
	EndGlobalSection
	GlobalSection(ProjectConfigurationPlatforms) = postSolution
		{42790F39-C646-49F9-AD67-5EA26227DFAE}.Debug|Any CPU.ActiveCfg = Debug|Any CPU
		{42790F39-C646-49F9-AD67-5EA26227DFAE}.Debug|Any CPU.Build.0 = Debug|Any CPU
		{42790F39-C646-49F9-AD67-5EA26227DFAE}.Release|Any CPU.ActiveCfg = Release|Any CPU
		{42790F39-C646-49F9-AD67-5EA26227DFAE}.Release|Any CPU.Build.0 = Release|Any CPU
		{32EFB1C1-776C-440D-B811-02EF54E2A22D}.Debug|Any CPU.ActiveCfg = Debug|Any CPU
		{32EFB1C1-776C-440D-B811-02EF54E2A22D}.Debug|Any CPU.Build.0 = Debug|Any CPU
		{32EFB1C1-776C-440D-B811-02EF54E2A22D}.Release|Any CPU.ActiveCfg = Release|Any CPU
		{32EFB1C1-776C-440D-B811-02EF54E2A22D}.Release|Any CPU.Build.0 = Release|Any CPU
	EndGlobalSection
EndGlobal
